
Microsoft Visual Studio Solution File, Format Version 12.00
# Visual Studio Version 17
VisualStudioVersion = 17.3.32929.385
MinimumVisualStudioVersion = 10.0.40219.1
Project("{FAE04EC0-301F-11D3-BF4B-00C04F79EFBC}") = "RunnerApplication", "RunnerApplication\RunnerApplication.csproj", "{008C6E8E-9FF7-4A38-A3BF-7BA11D8CC04D}"
EndProject
Global
	GlobalSection(SolutionConfigurationPlatforms) = preSolution
		Debug|Any CPU = Debug|Any CPU
		Release|Any CPU = Release|Any CPU
	EndGlobalSection
	GlobalSection(ProjectConfigurationPlatforms) = postSolution
		{008C6E8E-9FF7-4A38-A3BF-7BA11D8CC04D}.Debug|Any CPU.ActiveCfg = Debug|Any CPU
		{008C6E8E-9FF7-4A38-A3BF-7BA11D8CC04D}.Debug|Any CPU.Build.0 = Debug|Any CPU
		{008C6E8E-9FF7-4A38-A3BF-7BA11D8CC04D}.Release|Any CPU.ActiveCfg = Release|Any CPU
		{008C6E8E-9FF7-4A38-A3BF-7BA11D8CC04D}.Release|Any CPU.Build.0 = Release|Any CPU
	EndGlobalSection
	GlobalSection(SolutionProperties) = preSolution
		HideSolutionNode = FALSE
	EndGlobalSection
	GlobalSection(ExtensibilityGlobals) = postSolution
		SolutionGuid = {242EA59F-235B-4476-972A-114E4658D969}
	EndGlobalSection
EndGlobal
